{
  "name": "fibfuck",
  "version": "1.0.0",
  "lockfileVersion": 2,
  "requires": true,
  "packages": {
    "": {
      "version": "1.0.0",
      "license": "ISC",
      "dependencies": {
        "@martian17/fuckjs": "^1.0.6"
      }
    },
    "node_modules/@martian17/fuckjs": {
      "version": "1.0.6",
      "resolved": "https://registry.npmjs.org/@martian17/fuckjs/-/fuckjs-1.0.6.tgz",
      "integrity": "sha512-Efi/K5bBUyHbqzwMD5/nscabkv58/i7bLIhj49MKbCDQzxfLhLir7hyBYI8sAKt0R292wFxAbUlMpqGm+UcG/g=="
    }
  },
  "dependencies": {
    "@martian17/fuckjs": {
      "version": "1.0.6",
      "resolved": "https://registry.npmjs.org/@martian17/fuckjs/-/fuckjs-1.0.6.tgz",
      "integrity": "sha512-Efi/K5bBUyHbqzwMD5/nscabkv58/i7bLIhj49MKbCDQzxfLhLir7hyBYI8sAKt0R292wFxAbUlMpqGm+UcG/g=="
    }
  }
}
